
Microsoft Visual Studio Solution File, Format Version 12.00
# Visual Studio Version 17
VisualStudioVersion = 17.7.34221.43
MinimumVisualStudioVersion = 10.0.40219.1
Project("{9A19103F-16F7-4668-BE54-9A1E7A4F7556}") = "DataAccess", "DataAccess\DataAccess.csproj", "{0372D163-303C-411B-8CEC-F572808591B8}"
EndProject
Project("{9A19103F-16F7-4668-BE54-9A1E7A4F7556}") = "Business", "Business\Business.csproj", "{C834944C-D428-4F4D-9BB0-D881DBD7C21D}"
EndProject
Project("{9A19103F-16F7-4668-BE54-9A1E7A4F7556}") = "Entities", "Entities\Entities.csproj", "{6FE26C8B-5AF3-4D0D-B49E-ED8A58818BF9}"
EndProject
Project("{9A19103F-16F7-4668-BE54-9A1E7A4F7556}") = "ConsoleUI", "ConsoleUI\ConsoleUI.csproj", "{EB7CABA5-1CEA-46E1-AA69-956DEFFD8841}"
EndProject
Project("{9A19103F-16F7-4668-BE54-9A1E7A4F7556}") = "Core", "Core\Core.csproj", "{F08B0555-5F98-49C4-9880-371B2E364C63}"
EndProject
Project("{FAE04EC0-301F-11D3-BF4B-00C04F79EFBC}") = "WebAPI", "WebAPI\WebAPI.csproj", "{0C39CD28-173D-4943-A6D5-C9C0DCEC48F7}"
EndProject
Global
	GlobalSection(SolutionConfigurationPlatforms) = preSolution
		Debug|Any CPU = Debug|Any CPU
		Release|Any CPU = Release|Any CPU
	EndGlobalSection
	GlobalSection(ProjectConfigurationPlatforms) = postSolution
		{0372D163-303C-411B-8CEC-F572808591B8}.Debug|Any CPU.ActiveCfg = Debug|Any CPU
		{0372D163-303C-411B-8CEC-F572808591B8}.Debug|Any CPU.Build.0 = Debug|Any CPU
		{0372D163-303C-411B-8CEC-F572808591B8}.Release|Any CPU.ActiveCfg = Release|Any CPU
		{0372D163-303C-411B-8CEC-F572808591B8}.Release|Any CPU.Build.0 = Release|Any CPU
		{C834944C-D428-4F4D-9BB0-D881DBD7C21D}.Debug|Any CPU.ActiveCfg = Debug|Any CPU
		{C834944C-D428-4F4D-9BB0-D881DBD7C21D}.Debug|Any CPU.Build.0 = Debug|Any CPU
		{C834944C-D428-4F4D-9BB0-D881DBD7C21D}.Release|Any CPU.ActiveCfg = Release|Any CPU
		{C834944C-D428-4F4D-9BB0-D881DBD7C21D}.Release|Any CPU.Build.0 = Release|Any CPU
		{6FE26C8B-5AF3-4D0D-B49E-ED8A58818BF9}.Debug|Any CPU.ActiveCfg = Debug|Any CPU
		{6FE26C8B-5AF3-4D0D-B49E-ED8A58818BF9}.Debug|Any CPU.Build.0 = Debug|Any CPU
		{6FE26C8B-5AF3-4D0D-B49E-ED8A58818BF9}.Release|Any CPU.ActiveCfg = Release|Any CPU
		{6FE26C8B-5AF3-4D0D-B49E-ED8A58818BF9}.Release|Any CPU.Build.0 = Release|Any CPU
		{EB7CABA5-1CEA-46E1-AA69-956DEFFD8841}.Debug|Any CPU.ActiveCfg = Debug|Any CPU
		{EB7CABA5-1CEA-46E1-AA69-956DEFFD8841}.Debug|Any CPU.Build.0 = Debug|Any CPU
		{EB7CABA5-1CEA-46E1-AA69-956DEFFD8841}.Release|Any CPU.ActiveCfg = Release|Any CPU
		{EB7CABA5-1CEA-46E1-AA69-956DEFFD8841}.Release|Any CPU.Build.0 = Release|Any CPU
		{F08B0555-5F98-49C4-9880-371B2E364C63}.Debug|Any CPU.ActiveCfg = Debug|Any CPU
		{F08B0555-5F98-49C4-9880-371B2E364C63}.Debug|Any CPU.Build.0 = Debug|Any CPU
		{F08B0555-5F98-49C4-9880-371B2E364C63}.Release|Any CPU.ActiveCfg = Release|Any CPU
		{F08B0555-5F98-49C4-9880-371B2E364C63}.Release|Any CPU.Build.0 = Release|Any CPU
		{0C39CD28-173D-4943-A6D5-C9C0DCEC48F7}.Debug|Any CPU.ActiveCfg = Debug|Any CPU
		{0C39CD28-173D-4943-A6D5-C9C0DCEC48F7}.Debug|Any CPU.Build.0 = Debug|Any CPU
		{0C39CD28-173D-4943-A6D5-C9C0DCEC48F7}.Release|Any CPU.ActiveCfg = Release|Any CPU
		{0C39CD28-173D-4943-A6D5-C9C0DCEC48F7}.Release|Any CPU.Build.0 = Release|Any CPU
	EndGlobalSection
	GlobalSection(SolutionProperties) = preSolution
		HideSolutionNode = FALSE
	EndGlobalSection
	GlobalSection(ExtensibilityGlobals) = postSolution
		SolutionGuid = {9672DAB7-E4A4-49A4-BDF6-EDFEB2B91F27}
	EndGlobalSection
EndGlobal
